
Microsoft Visual Studio Solution File, Format Version 12.00
# Visual Studio Version 17
VisualStudioVersion = 17.12.35521.163 d17.12
MinimumVisualStudioVersion = 10.0.40219.1
Project("{FAE04EC0-301F-11D3-BF4B-00C04F79EFBC}") = "ShoesStoreAPI", "ShoesStoreAPI.csproj", "{EC3251DF-14C2-4176-AE54-DD49CBA2C5EB}"
EndProject
Global
	GlobalSection(SolutionConfigurationPlatforms) = preSolution
		Debug|Any CPU = Debug|Any CPU
		Release|Any CPU = Release|Any CPU
	EndGlobalSection
	GlobalSection(ProjectConfigurationPlatforms) = postSolution
		{EC3251DF-14C2-4176-AE54-DD49CBA2C5EB}.Debug|Any CPU.ActiveCfg = Debug|Any CPU
		{EC3251DF-14C2-4176-AE54-DD49CBA2C5EB}.Debug|Any CPU.Build.0 = Debug|Any CPU
		{EC3251DF-14C2-4176-AE54-DD49CBA2C5EB}.Release|Any CPU.ActiveCfg = Release|Any CPU
		{EC3251DF-14C2-4176-AE54-DD49CBA2C5EB}.Release|Any CPU.Build.0 = Release|Any CPU
	EndGlobalSection
	GlobalSection(SolutionProperties) = preSolution
		HideSolutionNode = FALSE
	EndGlobalSection
EndGlobal
